// !$*UTF8*$!
{
	archiveVersion = 1;
	classes = {
	};
	objectVersion = 46;
	objects = {

/* Begin PBXBuildFile section */
		FC57EEE91A106AD7000A6C4C /* shops.plist in Resources */ = {isa = PBXBuildFile; fileRef = FC57EEE81A106AD7000A6C4C /* shops.plist */; };
		FC57EEEC1A1098AB000A6C4C /* EditTableViewController.m in Sources */ = {isa = PBXBuildFile; fileRef = FC57EEEB1A1098AB000A6C4C /* EditTableViewController.m */; };
		FC65224E1A0C5CDE00CA525F /* FontHeightTableViewController.m in Sources */ = {isa = PBXBuildFile; fileRef = FC65224D1A0C5CDE00CA525F /* FontHeightTableViewController.m */; };
		FC6522511A0CA00900CA525F /* IndexTableViewController.m in Sources */ = {isa = PBXBuildFile; fileRef = FC6522501A0CA00900CA525F /* IndexTableViewController.m */; };
		FC6522531A0CA1F500CA525F /* ListData.plist in Resources */ = {isa = PBXBuildFile; fileRef = FC6522521A0CA1F500CA525F /* ListData.plist */; };
		FC7717521A08B924007AC781 /* main.m in Sources */ = {isa = PBXBuildFile; fileRef = FC7717511A08B924007AC781 /* main.m */; };
		FC7717551A08B924007AC781 /* AppDelegate.m in Sources */ = {isa = PBXBuildFile; fileRef = FC7717541A08B924007AC781 /* AppDelegate.m */; };
		FC7717581A08B924007AC781 /* TableViewTest.xcdatamodeld in Sources */ = {isa = PBXBuildFile; fileRef = FC7717561A08B924007AC781 /* TableViewTest.xcdatamodeld */; };
		FC77175B1A08B924007AC781 /* ViewController.m in Sources */ = {isa = PBXBuildFile; fileRef = FC77175A1A08B924007AC781 /* ViewController.m */; };
		FC77175E1A08B924007AC781 /* Main.storyboard in Resources */ = {isa = PBXBuildFile; fileRef = FC77175C1A08B924007AC781 /* Main.storyboard */; };
		FC7717601A08B924007AC781 /* Images.xcassets in Resources */ = {isa = PBXBuildFile; fileRef = FC77175F1A08B924007AC781 /* Images.xcassets */; };
		FC7717631A08B924007AC781 /* LaunchScreen.xib in Resources */ = {isa = PBXBuildFile; fileRef = FC7717611A08B924007AC781 /* LaunchScreen.xib */; };
		FC77176F1A08B924007AC781 /* TableViewTestTests.m in Sources */ = {isa = PBXBuildFile; fileRef = FC77176E1A08B924007AC781 /* TableViewTestTests.m */; };
		FC7D99B81A09FECF0006A249 /* FirstpushViewController.m in Sources */ = {isa = PBXBuildFile; fileRef = FC7D99B71A09FECF0006A249 /* FirstpushViewController.m */; };
		FCEAB1CF1A0B1E4F0028B676 /* StylTableViewController.m in Sources */ = {isa = PBXBuildFile; fileRef = FCEAB1CE1A0B1E4F0028B676 /* StylTableViewController.m */; };
		FCEAB1D21A0B25C00028B676 /* MyTableViewController.m in Sources */ = {isa = PBXBuildFile; fileRef = FCEAB1D11A0B25C00028B676 /* MyTableViewController.m */; };
		FCEAB1D41A0B56070028B676 /* IMG_0410.PNG in Resources */ = {isa = PBXBuildFile; fileRef = FCEAB1D31A0B56070028B676 /* IMG_0410.PNG */; };
/* End PBXBuildFile section */

/* Begin PBXContainerItemProxy section */
		FC7717691A08B924007AC781 /* PBXContainerItemProxy */ = {
			isa = PBXContainerItemProxy;
			containerPortal = FC7717441A08B924007AC781 /* Project object */;
			proxyType = 1;
			remoteGlobalIDString = FC77174B1A08B924007AC781;
			remoteInfo = TableViewTest;
		};
/* End PBXContainerItemProxy section */

/* Begin PBXFileReference section */
		FC57EEE81A106AD7000A6C4C /* shops.plist */ = {isa = PBXFileReference; fileEncoding = 4; lastKnownFileType = text.plist.xml; path = shops.plist; sourceTree = "<group>"; };
		FC57EEEA1A1098AB000A6C4C /* EditTableViewController.h */ = {isa = PBXFileReference; fileEncoding = 4; lastKnownFileType = sourcecode.c.h; name = EditTableViewController.h; path = ../EditTableViewController.h; sourceTree = "<group>"; };
		FC57EEEB1A1098AB000A6C4C /* EditTableViewController.m */ = {isa = PBXFileReference; fileEncoding = 4; lastKnownFileType = sourcecode.c.objc; name = EditTableViewController.m; path = ../EditTableViewController.m; sourceTree = "<group>"; };
		FC65224C1A0C5CDE00CA525F /* FontHeightTableViewController.h */ = {isa = PBXFileReference; fileEncoding = 4; lastKnownFileType = sourcecode.c.h; path = FontHeightTableViewController.h; sourceTree = "<group>"; };
		FC65224D1A0C5CDE00CA525F /* FontHeightTableViewController.m */ = {isa = PBXFileReference; fileEncoding = 4; lastKnownFileType = sourcecode.c.objc; path = FontHeightTableViewController.m; sourceTree = "<group>"; };
		FC65224F1A0CA00900CA525F /* IndexTableViewController.h */ = {isa = PBXFileReference; fileEncoding = 4; lastKnownFileType = sourcecode.c.h; name = IndexTableViewController.h; path = ../IndexTableViewController.h; sourceTree = "<group>"; };
		FC6522501A0CA00900CA525F /* IndexTableViewController.m */ = {isa = PBXFileReference; fileEncoding = 4; lastKnownFileType = sourcecode.c.objc; name = IndexTableViewController.m; path = ../IndexTableViewController.m; sourceTree = "<group>"; };
		FC6522521A0CA1F500CA525F /* ListData.plist */ = {isa = PBXFileReference; fileEncoding = 4; lastKnownFileType = text.plist.xml; path = ListData.plist; sourceTree = "<group>"; };
		FC77174C1A08B924007AC781 /* TableViewTest.app */ = {isa = PBXFileReference; explicitFileType = wrapper.application; includeInIndex = 0; path = TableViewTest.app; sourceTree = BUILT_PRODUCTS_DIR; };
		FC7717501A08B924007AC781 /* Info.plist */ = {isa = PBXFileReference; lastKnownFileType = text.plist.xml; path = Info.plist; sourceTree = "<group>"; };
		FC7717511A08B924007AC781 /* main.m */ = {isa = PBXFileReference; lastKnownFileType = sourcecode.c.objc; path = main.m; sourceTree = "<group>"; };
		FC7717531A08B924007AC781 /* AppDelegate.h */ = {isa = PBXFileReference; lastKnownFileType = sourcecode.c.h; path = AppDelegate.h; sourceTree = "<group>"; };
		FC7717541A08B924007AC781 /* AppDelegate.m */ = {isa = PBXFileReference; lastKnownFileType = sourcecode.c.objc; path = AppDelegate.m; sourceTree = "<group>"; };
		FC7717571A08B924007AC781 /* TableViewTest.xcdatamodel */ = {isa = PBXFileReference; lastKnownFileType = wrapper.xcdatamodel; path = TableViewTest.xcdatamodel; sourceTree = "<group>"; };
		FC7717591A08B924007AC781 /* ViewController.h */ = {isa = PBXFileReference; lastKnownFileType = sourcecode.c.h; path = ViewController.h; sourceTree = "<group>"; };
		FC77175A1A08B924007AC781 /* ViewController.m */ = {isa = PBXFileReference; lastKnownFileType = sourcecode.c.objc; path = ViewController.m; sourceTree = "<group>"; };
		FC77175D1A08B924007AC781 /* Base */ = {isa = PBXFileReference; lastKnownFileType = file.storyboard; name = Base; path = Base.lproj/Main.storyboard; sourceTree = "<group>"; };
		FC77175F1A08B924007AC781 /* Images.xcassets */ = {isa = PBXFileReference; lastKnownFileType = folder.assetcatalog; path = Images.xcassets; sourceTree = "<group>"; };
		FC7717621A08B924007AC781 /* Base */ = {isa = PBXFileReference; lastKnownFileType = file.xib; name = Base; path = Base.lproj/LaunchScreen.xib; sourceTree = "<group>"; };
		FC7717681A08B924007AC781 /* TableViewTestTests.xctest */ = {isa = PBXFileReference; explicitFileType = wrapper.cfbundle; includeInIndex = 0; path = TableViewTestTests.xctest; sourceTree = BUILT_PRODUCTS_DIR; };
		FC77176D1A08B924007AC781 /* Info.plist */ = {isa = PBXFileReference; lastKnownFileType = text.plist.xml; path = Info.plist; sourceTree = "<group>"; };
		FC77176E1A08B924007AC781 /* TableViewTestTests.m */ = {isa = PBXFileReference; lastKnownFileType = sourcecode.c.objc; path = TableViewTestTests.m; sourceTree = "<group>"; };
		FC7D99B61A09FECF0006A249 /* FirstpushViewController.h */ = {isa = PBXFileReference; fileEncoding = 4; lastKnownFileType = sourcecode.c.h; path = FirstpushViewController.h; sourceTree = "<group>"; };
		FC7D99B71A09FECF0006A249 /* FirstpushViewController.m */ = {isa = PBXFileReference; fileEncoding = 4; lastKnownFileType = sourcecode.c.objc; path = FirstpushViewController.m; sourceTree = "<group>"; };
		FCEAB1CD1A0B1E4F0028B676 /* StylTableViewController.h */ = {isa = PBXFileReference; fileEncoding = 4; lastKnownFileType = sourcecode.c.h; name = StylTableViewController.h; path = ../StylTableViewController.h; sourceTree = "<group>"; };
		FCEAB1CE1A0B1E4F0028B676 /* StylTableViewController.m */ = {isa = PBXFileReference; fileEncoding = 4; lastKnownFileType = sourcecode.c.objc; name = StylTableViewController.m; path = ../StylTableViewController.m; sourceTree = "<group>"; };
		FCEAB1D01A0B25C00028B676 /* MyTableViewController.h */ = {isa = PBXFileReference; fileEncoding = 4; lastKnownFileType = sourcecode.c.h; name = MyTableViewController.h; path = ../MyTableViewController.h; sourceTree = "<group>"; };
		FCEAB1D11A0B25C00028B676 /* MyTableViewController.m */ = {isa = PBXFileReference; fileEncoding = 4; lastKnownFileType = sourcecode.c.objc; name = MyTableViewController.m; path = ../MyTableViewController.m; sourceTree = "<group>"; };
		FCEAB1D31A0B56070028B676 /* IMG_0410.PNG */ = {isa = PBXFileReference; lastKnownFileType = image.png; path = IMG_0410.PNG; sourceTree = "<group>"; };
/* End PBXFileReference section */

/* Begin PBXFrameworksBuildPhase section */
		FC7717491A08B924007AC781 /* Frameworks */ = {
			isa = PBXFrameworksBuildPhase;
			buildActionMask = 2147483647;
			files = (
			);
			runOnlyForDeploymentPostprocessing = 0;
		};
		FC7717651A08B924007AC781 /* Frameworks */ = {
			isa = PBXFrameworksBuildPhase;
			buildActionMask = 2147483647;
			files = (
			);
			runOnlyForDeploymentPostprocessing = 0;
		};
/* End PBXFrameworksBuildPhase section */

/* Begin PBXGroup section */
		FC7717431A08B924007AC781 = {
			isa = PBXGroup;
			children = (
				FC77174E1A08B924007AC781 /* TableViewTest */,
				FC77176B1A08B924007AC781 /* TableViewTestTests */,
				FC77174D1A08B924007AC781 /* Products */,
			);
			sourceTree = "<group>";
		};
		FC77174D1A08B924007AC781 /* Products */ = {
			isa = PBXGroup;
			children = (
				FC77174C1A08B924007AC781 /* TableViewTest.app */,
				FC7717681A08B924007AC781 /* TableViewTestTests.xctest */,
			);
			name = Products;
			sourceTree = "<group>";
		};
		FC77174E1A08B924007AC781 /* TableViewTest */ = {
			isa = PBXGroup;
			children = (
				FC57EEEA1A1098AB000A6C4C /* EditTableViewController.h */,
				FC57EEEB1A1098AB000A6C4C /* EditTableViewController.m */,
				FC65224F1A0CA00900CA525F /* IndexTableViewController.h */,
				FC6522501A0CA00900CA525F /* IndexTableViewController.m */,
				FC65224C1A0C5CDE00CA525F /* FontHeightTableViewController.h */,
				FC65224D1A0C5CDE00CA525F /* FontHeightTableViewController.m */,
				FCEAB1CD1A0B1E4F0028B676 /* StylTableViewController.h */,
				FCEAB1CE1A0B1E4F0028B676 /* StylTableViewController.m */,
				FCEAB1D01A0B25C00028B676 /* MyTableViewController.h */,
				FCEAB1D11A0B25C00028B676 /* MyTableViewController.m */,
				FC7717531A08B924007AC781 /* AppDelegate.h */,
				FC7717541A08B924007AC781 /* AppDelegate.m */,
				FC7717591A08B924007AC781 /* ViewController.h */,
				FC77175A1A08B924007AC781 /* ViewController.m */,
				FC77175C1A08B924007AC781 /* Main.storyboard */,
				FC77175F1A08B924007AC781 /* Images.xcassets */,
				FC7717611A08B924007AC781 /* LaunchScreen.xib */,
				FC7717561A08B924007AC781 /* TableViewTest.xcdatamodeld */,
				FC77174F1A08B924007AC781 /* Supporting Files */,
				FC7D99B61A09FECF0006A249 /* FirstpushViewController.h */,
				FC7D99B71A09FECF0006A249 /* FirstpushViewController.m */,
			);
			path = TableViewTest;
			sourceTree = "<group>";
		};
		FC77174F1A08B924007AC781 /* Supporting Files */ = {
			isa = PBXGroup;
			children = (
				FC57EEE81A106AD7000A6C4C /* shops.plist */,
				FC6522521A0CA1F500CA525F /* ListData.plist */,
				FCEAB1D31A0B56070028B676 /* IMG_0410.PNG */,
				FC7717501A08B924007AC781 /* Info.plist */,
				FC7717511A08B924007AC781 /* main.m */,
			);
			name = "Supporting Files";
			sourceTree = "<group>";
		};
		FC77176B1A08B924007AC781 /* TableViewTestTests */ = {
			isa = PBXGroup;
			children = (
				FC77176E1A08B924007AC781 /* TableViewTestTests.m */,
				FC77176C1A08B924007AC781 /* Supporting Files */,
			);
			path = TableViewTestTests;
			sourceTree = "<group>";
		};
		FC77176C1A08B924007AC781 /* Supporting Files */ = {
			isa = PBXGroup;
			children = (
				FC77176D1A08B924007AC781 /* Info.plist */,
			);
			name = "Supporting Files";
			sourceTree = "<group>";
		};
/* End PBXGroup section */

/* Begin PBXNativeTarget section */
		FC77174B1A08B924007AC781 /* TableViewTest */ = {
			isa = PBXNativeTarget;
			buildConfigurationList = FC7717721A08B924007AC781 /* Build configuration list for PBXNativeTarget "TableViewTest" */;
			buildPhases = (
				FC7717481A08B924007AC781 /* Sources */,
				FC7717491A08B924007AC781 /* Frameworks */,
				FC77174A1A08B924007AC781 /* Resources */,
			);
			buildRules = (
			);
			dependencies = (
			);
			name = TableViewTest;
			productName = TableViewTest;
			productReference = FC77174C1A08B924007AC781 /* TableViewTest.app */;
			productType = "com.apple.product-type.application";
		};
		FC7717671A08B924007AC781 /* TableViewTestTests */ = {
			isa = PBXNativeTarget;
			buildConfigurationList = FC7717751A08B924007AC781 /* Build configuration list for PBXNativeTarget "TableViewTestTests" */;
			buildPhases = (
				FC7717641A08B924007AC781 /* Sources */,
				FC7717651A08B924007AC781 /* Frameworks */,
				FC7717661A08B924007AC781 /* Resources */,
			);
			buildRules = (
			);
			dependencies = (
				FC77176A1A08B924007AC781 /* PBXTargetDependency */,
			);
			name = TableViewTestTests;
			productName = TableViewTestTests;
			productReference = FC7717681A08B924007AC781 /* TableViewTestTests.xctest */;
			productType = "com.apple.product-type.bundle.unit-test";
		};
/* End PBXNativeTarget section */

/* Begin PBXProject section */
		FC7717441A08B924007AC781 /* Project object */ = {
			isa = PBXProject;
			attributes = {
				LastUpgradeCheck = 0610;
				ORGANIZATIONNAME = "chengtz-iMac";
				TargetAttributes = {
					FC77174B1A08B924007AC781 = {
						CreatedOnToolsVersion = 6.1;
					};
					FC7717671A08B924007AC781 = {
						CreatedOnToolsVersion = 6.1;
						TestTargetID = FC77174B1A08B924007AC781;
					};
				};
			};
			buildConfigurationList = FC7717471A08B924007AC781 /* Build configuration list for PBXProject "TableViewTest" */;
			compatibilityVersion = "Xcode 3.2";
			developmentRegion = English;
			hasScannedForEncodings = 0;
			knownRegions = (
				en,
				Base,
			);
			mainGroup = FC7717431A08B924007AC781;
			productRefGroup = FC77174D1A08B924007AC781 /* Products */;
			projectDirPath = "";
			projectRoot = "";
			targets = (
				FC77174B1A08B924007AC781 /* TableViewTest */,
				FC7717671A08B924007AC781 /* TableViewTestTests */,
			);
		};
/* End PBXProject section */

/* Begin PBXResourcesBuildPhase section */
		FC77174A1A08B924007AC781 /* Resources */ = {
			isa = PBXResourcesBuildPhase;
			buildActionMask = 2147483647;
			files = (
				FCEAB1D41A0B56070028B676 /* IMG_0410.PNG in Resources */,
				FC77175E1A08B924007AC781 /* Main.storyboard in Resources */,
				FC57EEE91A106AD7000A6C4C /* shops.plist in Resources */,
				FC7717631A08B924007AC781 /* LaunchScreen.xib in Resources */,
				FC7717601A08B924007AC781 /* Images.xcassets in Resources */,
				FC6522531A0CA1F500CA525F /* ListData.plist in Resources */,
			);
			runOnlyForDeploymentPostprocessing = 0;
		};
		FC7717661A08B924007AC781 /* Resources */ = {
			isa = PBXResourcesBuildPhase;
			buildActionMask = 2147483647;
			files = (
			);
			runOnlyForDeploymentPostprocessing = 0;
		};
/* End PBXResourcesBuildPhase section */

/* Begin PBXSourcesBuildPhase section */
		FC7717481A08B924007AC781 /* Sources */ = {
			isa = PBXSourcesBuildPhase;
			buildActionMask = 2147483647;
			files = (
				FC6522511A0CA00900CA525F /* IndexTableViewController.m in Sources */,
				FC57EEEC1A1098AB000A6C4C /* EditTableViewController.m in Sources */,
				FC7D99B81A09FECF0006A249 /* FirstpushViewController.m in Sources */,
				FC65224E1A0C5CDE00CA525F /* FontHeightTableViewController.m in Sources */,
				FCEAB1CF1A0B1E4F0028B676 /* StylTableViewController.m in Sources */,
				FC7717551A08B924007AC781 /* AppDelegate.m in Sources */,
				FC7717521A08B924007AC781 /* main.m in Sources */,
				FCEAB1D21A0B25C00028B676 /* MyTableViewController.m in Sources */,
				FC77175B1A08B924007AC781 /* ViewController.m in Sources */,
				FC7717581A08B924007AC781 /* TableViewTest.xcdatamodeld in Sources */,
			);
			runOnlyForDeploymentPostprocessing = 0;
		};
		FC7717641A08B924007AC781 /* Sources */ = {
			isa = PBXSourcesBuildPhase;
			buildActionMask = 2147483647;
			files = (
				FC77176F1A08B924007AC781 /* TableViewTestTests.m in Sources */,
			);
			runOnlyForDeploymentPostprocessing = 0;
		};
/* End PBXSourcesBuildPhase section */

/* Begin PBXTargetDependency section */
		FC77176A1A08B924007AC781 /* PBXTargetDependency */ = {
			isa = PBXTargetDependency;
			target = FC77174B1A08B924007AC781 /* TableViewTest */;
			targetProxy = FC7717691A08B924007AC781 /* PBXContainerItemProxy */;
		};
/* End PBXTargetDependency section */

/* Begin PBXVariantGroup section */
		FC77175C1A08B924007AC781 /* Main.storyboard */ = {
			isa = PBXVariantGroup;
			children = (
				FC77175D1A08B924007AC781 /* Base */,
			);
			name = Main.storyboard;
			sourceTree = "<group>";
		};
		FC7717611A08B924007AC781 /* LaunchScreen.xib */ = {
			isa = PBXVariantGroup;
			children = (
				FC7717621A08B924007AC781 /* Base */,
			);
			name = LaunchScreen.xib;
			sourceTree = "<group>";
		};
/* End PBXVariantGroup section */

/* Begin XCBuildConfiguration section */
		FC7717701A08B924007AC781 /* Debug */ = {
			isa = XCBuildConfiguration;
			buildSettings = {
				ALWAYS_SEARCH_USER_PATHS = NO;
				CLANG_CXX_LANGUAGE_STANDARD = "gnu++0x";
				CLANG_CXX_LIBRARY = "libc++";
				CLANG_ENABLE_MODULES = YES;
				CLANG_ENABLE_OBJC_ARC = YES;
				CLANG_WARN_BOOL_CONVERSION = YES;
				CLANG_WARN_CONSTANT_CONVERSION = YES;
				CLANG_WARN_DIRECT_OBJC_ISA_USAGE = YES_ERROR;
				CLANG_WARN_EMPTY_BODY = YES;
				CLANG_WARN_ENUM_CONVERSION = YES;
				CLANG_WARN_INT_CONVERSION = YES;
				CLANG_WARN_OBJC_ROOT_CLASS = YES_ERROR;
				CLANG_WARN_UNREACHABLE_CODE = YES;
				CLANG_WARN__DUPLICATE_METHOD_MATCH = YES;
				"CODE_SIGN_IDENTITY[sdk=iphoneos*]" = "iPhone Developer";
				COPY_PHASE_STRIP = NO;
				ENABLE_STRICT_OBJC_MSGSEND = YES;
				GCC_C_LANGUAGE_STANDARD = gnu99;
				GCC_DYNAMIC_NO_PIC = NO;
				GCC_OPTIMIZATION_LEVEL = 0;
				GCC_PREPROCESSOR_DEFINITIONS = (
					"DEBUG=1",
					"$(inherited)",
				);
				GCC_SYMBOLS_PRIVATE_EXTERN = NO;
				GCC_WARN_64_TO_32_BIT_CONVERSION = YES;
				GCC_WARN_ABOUT_RETURN_TYPE = YES_ERROR;
				GCC_WARN_UNDECLARED_SELECTOR = YES;
				GCC_WARN_UNINITIALIZED_AUTOS = YES_AGGRESSIVE;
				GCC_WARN_UNUSED_FUNCTION = YES;
				GCC_WARN_UNUSED_VARIABLE = YES;
				IPHONEOS_DEPLOYMENT_TARGET = 8.1;
				MTL_ENABLE_DEBUG_INFO = YES;
				ONLY_ACTIVE_ARCH = YES;
				SDKROOT = iphoneos;
			};
			name = Debug;
		};
		FC7717711A08B924007AC781 /* Release */ = {
			isa = XCBuildConfiguration;
			buildSettings = {
				ALWAYS_SEARCH_USER_PATHS = NO;
				CLANG_CXX_LANGUAGE_STANDARD = "gnu++0x";
				CLANG_CXX_LIBRARY = "libc++";
				CLANG_ENABLE_MODULES = YES;
				CLANG_ENABLE_OBJC_ARC = YES;
				CLANG_WARN_BOOL_CONVERSION = YES;
				CLANG_WARN_CONSTANT_CONVERSION = YES;
				CLANG_WARN_DIRECT_OBJC_ISA_USAGE = YES_ERROR;
				CLANG_WARN_EMPTY_BODY = YES;
				CLANG_WARN_ENUM_CONVERSION = YES;
				CLANG_WARN_INT_CONVERSION = YES;
				CLANG_WARN_OBJC_ROOT_CLASS = YES_ERROR;
				CLANG_WARN_UNREACHABLE_CODE = YES;
				CLANG_WARN__DUPLICATE_METHOD_MATCH = YES;
				"CODE_SIGN_IDENTITY[sdk=iphoneos*]" = "iPhone Developer";
				COPY_PHASE_STRIP = YES;
				ENABLE_NS_ASSERTIONS = NO;
				ENABLE_STRICT_OBJC_MSGSEND = YES;
				GCC_C_LANGUAGE_STANDARD = gnu99;
				GCC_WARN_64_TO_32_BIT_CONVERSION = YES;
				GCC_WARN_ABOUT_RETURN_TYPE = YES_ERROR;
				GCC_WARN_UNDECLARED_SELECTOR = YES;
				GCC_WARN_UNINITIALIZED_AUTOS = YES_AGGRESSIVE;
				GCC_WARN_UNUSED_FUNCTION = YES;
				GCC_WARN_UNUSED_VARIABLE = YES;
				IPHONEOS_DEPLOYMENT_TARGET = 8.1;
				MTL_ENABLE_DEBUG_INFO = NO;
				SDKROOT = iphoneos;
				VALIDATE_PRODUCT = YES;
			};
			name = Release;
		};
		FC7717731A08B924007AC781 /* Debug */ = {
			isa = XCBuildConfiguration;
			buildSettings = {
				ASSETCATALOG_COMPILER_APPICON_NAME = AppIcon;
				INFOPLIST_FILE = TableViewTest/Info.plist;
				LD_RUNPATH_SEARCH_PATHS = "$(inherited) @executable_path/Frameworks";
				PRODUCT_NAME = "$(TARGET_NAME)";
			};
			name = Debug;
		};
		FC7717741A08B924007AC781 /* Release */ = {
			isa = XCBuildConfiguration;
			buildSettings = {
				ASSETCATALOG_COMPILER_APPICON_NAME = AppIcon;
				INFOPLIST_FILE = TableViewTest/Info.plist;
				LD_RUNPATH_SEARCH_PATHS = "$(inherited) @executable_path/Frameworks";
				PRODUCT_NAME = "$(TARGET_NAME)";
			};
			name = Release;
		};
		FC7717761A08B924007AC781 /* Debug */ = {
			isa = XCBuildConfiguration;
			buildSettings = {
				BUNDLE_LOADER = "$(TEST_HOST)";
				FRAMEWORK_SEARCH_PATHS = (
					"$(SDKROOT)/Developer/Library/Frameworks",
					"$(inherited)",
				);
				GCC_PREPROCESSOR_DEFINITIONS = (
					"DEBUG=1",
					"$(inherited)",
				);
				INFOPLIST_FILE = TableViewTestTests/Info.plist;
				LD_RUNPATH_SEARCH_PATHS = "$(inherited) @executable_path/Frameworks @loader_path/Frameworks";
				PRODUCT_NAME = "$(TARGET_NAME)";
				TEST_HOST = "$(BUILT_PRODUCTS_DIR)/TableViewTest.app/TableViewTest";
			};
			name = Debug;
		};
		FC7717771A08B924007AC781 /* Release */ = {
			isa = XCBuildConfiguration;
			buildSettings = {
				BUNDLE_LOADER = "$(TEST_HOST)";
				FRAMEWORK_SEARCH_PATHS = (
					"$(SDKROOT)/Developer/Library/Frameworks",
					"$(inherited)",
				);
				INFOPLIST_FILE = TableViewTestTests/Info.plist;
				LD_RUNPATH_SEARCH_PATHS = "$(inherited) @executable_path/Frameworks @loader_path/Frameworks";
				PRODUCT_NAME = "$(TARGET_NAME)";
				TEST_HOST = "$(BUILT_PRODUCTS_DIR)/TableViewTest.app/TableViewTest";
			};
			name = Release;
		};
/* End XCBuildConfiguration section */

/* Begin XCConfigurationList section */
		FC7717471A08B924007AC781 /* Build configuration list for PBXProject "TableViewTest" */ = {
			isa = XCConfigurationList;
			buildConfigurations = (
				FC7717701A08B924007AC781 /* Debug */,
				FC7717711A08B924007AC781 /* Release */,
			);
			defaultConfigurationIsVisible = 0;
			defaultConfigurationName = Release;
		};
		FC7717721A08B924007AC781 /* Build configuration list for PBXNativeTarget "TableViewTest" */ = {
			isa = XCConfigurationList;
			buildConfigurations = (
				FC7717731A08B924007AC781 /* Debug */,
				FC7717741A08B924007AC781 /* Release */,
			);
			defaultConfigurationIsVisible = 0;
			defaultConfigurationName = Release;
		};
		FC7717751A08B924007AC781 /* Build configuration list for PBXNativeTarget "TableViewTestTests" */ = {
			isa = XCConfigurationList;
			buildConfigurations = (
				FC7717761A08B924007AC781 /* Debug */,
				FC7717771A08B924007AC781 /* Release */,
			);
			defaultConfigurationIsVisible = 0;
			defaultConfigurationName = Release;
		};
/* End XCConfigurationList section */

/* Begin XCVersionGroup section */
		FC7717561A08B924007AC781 /* TableViewTest.xcdatamodeld */ = {
			isa = XCVersionGroup;
			children = (
				FC7717571A08B924007AC781 /* TableViewTest.xcdatamodel */,
			);
			currentVersion = FC7717571A08B924007AC781 /* TableViewTest.xcdatamodel */;
			path = TableViewTest.xcdatamodeld;
			sourceTree = "<group>";
			versionGroupType = wrapper.xcdatamodel;
		};
/* End XCVersionGroup section */
	};
	rootObject = FC7717441A08B924007AC781 /* Project object */;
}
